{
  "version": 4,
  "terraform_version": "1.12.1",
  "serial": 14,
  "lineage": "b6882f2e-05b1-84ee-343e-da7452da8efe",
  "outputs": {},
  "resources": [
    {
      "mode": "data",
      "type": "aws_ami",
      "name": "amzn-linux-2023-ami",
      "provider": "provider[\"registry.terraform.io/hashicorp/aws\"]",
      "instances": [
        {
          "schema_version": 0,
          "attributes": {
            "architecture": "x86_64",
            "arn": "arn:aws:ec2:ap-south-1::image/ami-0f535a71b34f2d44a",
            "block_device_mappings": [
              {
                "device_name": "/dev/xvda",
                "ebs": {
                  "delete_on_termination": "true",
                  "encrypted": "false",
                  "iops": "3000",
                  "snapshot_id": "snap-07196e6d1226d12cd",
                  "throughput": "125",
                  "volume_initialization_rate": "0",
                  "volume_size": "8",
                  "volume_type": "gp3"
                },
                "no_device": "",
                "virtual_name": ""
              }
            ],
            "boot_mode": "uefi-preferred",
            "creation_date": "2025-05-30T18:30:18.000Z",
            "deprecation_time": "2025-08-28T18:30:00.000Z",
            "description": "Amazon Linux 2023 AMI 2023.7.20250527.1 x86_64 HVM kernel-6.1",
            "ena_support": true,
            "executable_users": null,
            "filter": [
              {
                "name": "name",
                "values": [
                  "al2023-ami-2023.*-x86_64"
                ]
              }
            ],
            "hypervisor": "xen",
            "id": "ami-0f535a71b34f2d44a",
            "image_id": "ami-0f535a71b34f2d44a",
            "image_location": "amazon/al2023-ami-2023.7.20250527.1-kernel-6.1-x86_64",
            "image_owner_alias": "amazon",
            "image_type": "machine",
            "imds_support": "v2.0",
            "include_deprecated": false,
            "kernel_id": "",
            "last_launched_time": "",
            "most_recent": true,
            "name": "al2023-ami-2023.7.20250527.1-kernel-6.1-x86_64",
            "name_regex": null,
            "owner_id": "137112412989",
            "owners": [
              "amazon"
            ],
            "platform": "",
            "platform_details": "Linux/UNIX",
            "product_codes": [],
            "public": true,
            "ramdisk_id": "",
            "root_device_name": "/dev/xvda",
            "root_device_type": "ebs",
            "root_snapshot_id": "snap-07196e6d1226d12cd",
            "sriov_net_support": "simple",
            "state": "available",
            "state_reason": {
              "code": "UNSET",
              "message": "UNSET"
            },
            "tags": {},
            "timeouts": null,
            "tpm_support": "",
            "uefi_data": null,
            "usage_operation": "RunInstances",
            "virtualization_type": "hvm"
          },
          "sensitive_attributes": [],
          "identity_schema_version": 0
        }
      ]
    },
    {
      "module": "module.ec2_instance",
      "mode": "managed",
      "type": "aws_eip",
      "name": "this",
      "provider": "provider[\"registry.terraform.io/hashicorp/aws\"]",
      "instances": [
        {
          "schema_version": 0,
          "attributes": {
            "address": null,
            "allocation_id": "eipalloc-06a9316278a877fe3",
            "arn": "arn:aws:ec2:ap-south-1:228791704334:elastic-ip/eipalloc-06a9316278a877fe3",
            "associate_with_private_ip": null,
            "association_id": "eipassoc-0e85e07bf518dab00",
            "carrier_ip": "",
            "customer_owned_ip": "",
            "customer_owned_ipv4_pool": "",
            "domain": "vpc",
            "id": "eipalloc-06a9316278a877fe3",
            "instance": "i-05dc51b32d5849e41",
            "ipam_pool_id": null,
            "network_border_group": "ap-south-1",
            "network_interface": "eni-03eb794cec6159559",
            "private_dns": "ip-172-31-26-42.ap-south-1.compute.internal",
            "private_ip": "172.31.26.42",
            "ptr_record": "",
            "public_dns": "ec2-13-204-27-47.ap-south-1.compute.amazonaws.com",
            "public_ip": "13.204.27.47",
            "public_ipv4_pool": "amazon",
            "tags": {
              "Environment": "dev-test",
              "Name": "MyEC2-EIP",
              "Project": "web-app"
            },
            "tags_all": {
              "Environment": "dev-test",
              "Name": "MyEC2-EIP",
              "Project": "web-app"
            },
            "timeouts": null,
            "vpc": true
          },
          "sensitive_attributes": [],
          "identity_schema_version": 0,
          "private": "eyJlMmJmYjczMC1lY2FhLTExZTYtOGY4OC0zNDM2M2JjN2M0YzAiOnsiZGVsZXRlIjoxODAwMDAwMDAwMDAsInJlYWQiOjkwMDAwMDAwMDAwMCwidXBkYXRlIjozMDAwMDAwMDAwMDB9fQ==",
          "dependencies": [
            "data.aws_ami.amzn-linux-2023-ami",
            "module.ec2_instance.aws_instance.this",
            "module.ec2_instance.aws_key_pair.this",
            "module.ec2_instance.aws_security_group.allow_ssh"
          ]
        }
      ]
    },
    {
      "module": "module.ec2_instance",
      "mode": "managed",
      "type": "aws_instance",
      "name": "this",
      "provider": "provider[\"registry.terraform.io/hashicorp/aws\"]",
      "instances": [
        {
          "schema_version": 1,
          "attributes": {
            "ami": "ami-0f535a71b34f2d44a",
            "arn": "arn:aws:ec2:ap-south-1:228791704334:instance/i-05dc51b32d5849e41",
            "associate_public_ip_address": false,
            "availability_zone": "ap-south-1c",
            "capacity_reservation_specification": [
              {
                "capacity_reservation_preference": "open",
                "capacity_reservation_target": []
              }
            ],
            "cpu_core_count": 1,
            "cpu_options": [
              {
                "amd_sev_snp": "",
                "core_count": 1,
                "threads_per_core": 2
              }
            ],
            "cpu_threads_per_core": 2,
            "credit_specification": [
              {
                "cpu_credits": "unlimited"
              }
            ],
            "disable_api_stop": false,
            "disable_api_termination": false,
            "ebs_block_device": [],
            "ebs_optimized": false,
            "enable_primary_ipv6": null,
            "enclave_options": [
              {
                "enabled": false
              }
            ],
            "ephemeral_block_device": [],
            "get_password_data": false,
            "hibernation": false,
            "host_id": "",
            "host_resource_group_arn": null,
            "iam_instance_profile": "test_role",
            "id": "i-05dc51b32d5849e41",
            "instance_initiated_shutdown_behavior": "stop",
            "instance_lifecycle": "",
            "instance_market_options": [],
            "instance_state": "running",
            "instance_type": "t3.micro",
            "ipv6_address_count": 0,
            "ipv6_addresses": [],
            "key_name": "mahi-key",
            "launch_template": [],
            "maintenance_options": [
              {
                "auto_recovery": "default"
              }
            ],
            "metadata_options": [
              {
                "http_endpoint": "enabled",
                "http_protocol_ipv6": "disabled",
                "http_put_response_hop_limit": 2,
                "http_tokens": "required",
                "instance_metadata_tags": "disabled"
              }
            ],
            "monitoring": false,
            "network_interface": [],
            "outpost_arn": "",
            "password_data": "",
            "placement_group": "",
            "placement_partition_number": 0,
            "primary_network_interface_id": "eni-03eb794cec6159559",
            "private_dns": "ip-172-31-26-42.ap-south-1.compute.internal",
            "private_dns_name_options": [
              {
                "enable_resource_name_dns_a_record": false,
                "enable_resource_name_dns_aaaa_record": false,
                "hostname_type": "ip-name"
              }
            ],
            "private_ip": "172.31.26.42",
            "public_dns": "",
            "public_ip": "",
            "root_block_device": [
              {
                "delete_on_termination": true,
                "device_name": "/dev/xvda",
                "encrypted": false,
                "iops": 3000,
                "kms_key_id": "",
                "tags": {
                  "Name": "RootVolume"
                },
                "tags_all": {
                  "Name": "RootVolume"
                },
                "throughput": 125,
                "volume_id": "vol-085ce558d48dc25e0",
                "volume_size": 8,
                "volume_type": "gp3"
              }
            ],
            "secondary_private_ips": [],
            "security_groups": [
              "allow_ssh"
            ],
            "source_dest_check": true,
            "spot_instance_request_id": "",
            "subnet_id": "subnet-030a53a5384c43cc2",
            "tags": {
              "Environment": "dev-test",
              "Name": "ec2-instance",
              "Project": "web-app"
            },
            "tags_all": {
              "Environment": "dev-test",
              "Name": "ec2-instance",
              "Project": "web-app"
            },
            "tenancy": "default",
            "timeouts": null,
            "user_data": "7525b34a74856c83cbd3b7783052624321ce6a7e",
            "user_data_base64": null,
            "user_data_replace_on_change": false,
            "volume_tags": null,
            "vpc_security_group_ids": [
              "sg-09433124d44ed5a60"
            ]
          },
          "sensitive_attributes": [],
          "identity_schema_version": 0,
          "private": "eyJlMmJmYjczMC1lY2FhLTExZTYtOGY4OC0zNDM2M2JjN2M0YzAiOnsiY3JlYXRlIjo2MDAwMDAwMDAwMDAsImRlbGV0ZSI6MTIwMDAwMDAwMDAwMCwicmVhZCI6OTAwMDAwMDAwMDAwLCJ1cGRhdGUiOjYwMDAwMDAwMDAwMH0sInNjaGVtYV92ZXJzaW9uIjoiMSJ9",
          "dependencies": [
            "data.aws_ami.amzn-linux-2023-ami",
            "module.ec2_instance.aws_key_pair.this",
            "module.ec2_instance.aws_security_group.allow_ssh"
          ]
        }
      ]
    },
    {
      "module": "module.ec2_instance",
      "mode": "managed",
      "type": "aws_key_pair",
      "name": "this",
      "provider": "provider[\"registry.terraform.io/hashicorp/aws\"]",
      "instances": [
        {
          "schema_version": 1,
          "attributes": {
            "arn": "arn:aws:ec2:ap-south-1:228791704334:key-pair/mahi-key",
            "fingerprint": "50:22:10:18:7d:76:57:83:2b:e7:69:88:41:41:fb:ab",
            "id": "mahi-key",
            "key_name": "mahi-key",
            "key_name_prefix": "",
            "key_pair_id": "key-02cd20318f8b0f5bd",
            "key_type": "rsa",
            "public_key": "ssh-rsa AAAAB3NzaC1yc2EAAAADAQABAAABAQDetl220g6a7wWB5iqoL43LWbW5QNqjDytSMZxVYI4P/IZ+6dICguzbDXn5pPJ4WmLYBehkRwebHt8TJmWdnzZmBHSnMcw44T4qQzvjapxyh4Jatt1+pIzYCbi6RUmr7go95kRCgiNmUuxy9zxdZ/QI74h/4ItVeF5/8o5wJFKIoaf3LeUDJIxuOHuoT6yvx8foQEEU66ayoYwTLl18Durkkj/jJ3rygYzeKfstvwQsOe9FCLlllalkzUus6jndo+gcjb+fpqFGMhpuow3WY4kwiHw9cG9ZQqBw1EhZhiOjX4j+lL8iWSq/mQ201rh43CxSi63oGgf/ZKyt67vsPjAj maheshveeragandam@gmail.com",
            "tags": {},
            "tags_all": {}
          },
          "sensitive_attributes": [],
          "identity_schema_version": 0,
          "private": "eyJzY2hlbWFfdmVyc2lvbiI6IjEifQ=="
        }
      ]
    },
    {
      "module": "module.ec2_instance",
      "mode": "managed",
      "type": "aws_security_group",
      "name": "allow_ssh",
      "provider": "provider[\"registry.terraform.io/hashicorp/aws\"]",
      "instances": [
        {
          "schema_version": 1,
          "attributes": {
            "arn": "arn:aws:ec2:ap-south-1:228791704334:security-group/sg-09433124d44ed5a60",
            "description": "Allow SSH traffic and all outbound traffic",
            "egress": [
              {
                "cidr_blocks": [
                  "0.0.0.0/0"
                ],
                "description": "",
                "from_port": 0,
                "ipv6_cidr_blocks": [],
                "prefix_list_ids": [],
                "protocol": "-1",
                "security_groups": [],
                "self": false,
                "to_port": 0
              }
            ],
            "id": "sg-09433124d44ed5a60",
            "ingress": [
              {
                "cidr_blocks": [
                  "0.0.0.0/0"
                ],
                "description": "",
                "from_port": 22,
                "ipv6_cidr_blocks": [],
                "prefix_list_ids": [],
                "protocol": "tcp",
                "security_groups": [],
                "self": false,
                "to_port": 22
              }
            ],
            "name": "allow_ssh",
            "name_prefix": "",
            "owner_id": "228791704334",
            "revoke_rules_on_delete": false,
            "tags": {
              "Environment": "dev-test",
              "Project": "web-app"
            },
            "tags_all": {
              "Environment": "dev-test",
              "Project": "web-app"
            },
            "timeouts": null,
            "vpc_id": "vpc-07ec26c8eb007d8be"
          },
          "sensitive_attributes": [],
          "identity_schema_version": 0,
          "private": "eyJlMmJmYjczMC1lY2FhLTExZTYtOGY4OC0zNDM2M2JjN2M0YzAiOnsiY3JlYXRlIjo2MDAwMDAwMDAwMDAsImRlbGV0ZSI6OTAwMDAwMDAwMDAwfSwic2NoZW1hX3ZlcnNpb24iOiIxIn0="
        }
      ]
    }
  ],
  "check_results": null
}
